
Microsoft Visual Studio Solution File, Format Version 12.00
# Visual Studio Version 17
VisualStudioVersion = 17.0.31903.59
MinimumVisualStudioVersion = 10.0.40219.1
Project("{FAE04EC0-301F-11D3-BF4B-00C04F79EFBC}") = "NewtService.Core", "NewtService.Core\NewtService.Core.csproj", "{AD517C44-0FF6-4780-B56C-186BC2BFC6A3}"
EndProject
Project("{FAE04EC0-301F-11D3-BF4B-00C04F79EFBC}") = "NewtService.Worker", "NewtService.Worker\NewtService.Worker.csproj", "{32A2D91B-3577-4A60-96A0-4910FCFE9022}"
EndProject
Project("{FAE04EC0-301F-11D3-BF4B-00C04F79EFBC}") = "NewtService.Tray", "NewtService.Tray\NewtService.Tray.csproj", "{84651F67-253C-4861-900C-AFB7E4D933BA}"
EndProject
Global
	GlobalSection(SolutionConfigurationPlatforms) = preSolution
		Debug|Any CPU = Debug|Any CPU
		Debug|x64 = Debug|x64
		Debug|x86 = Debug|x86
		Release|Any CPU = Release|Any CPU
		Release|x64 = Release|x64
		Release|x86 = Release|x86
	EndGlobalSection
	GlobalSection(ProjectConfigurationPlatforms) = postSolution
		{AD517C44-0FF6-4780-B56C-186BC2BFC6A3}.Debug|Any CPU.ActiveCfg = Debug|Any CPU
		{AD517C44-0FF6-4780-B56C-186BC2BFC6A3}.Debug|Any CPU.Build.0 = Debug|Any CPU
		{AD517C44-0FF6-4780-B56C-186BC2BFC6A3}.Debug|x64.ActiveCfg = Debug|Any CPU
		{AD517C44-0FF6-4780-B56C-186BC2BFC6A3}.Debug|x64.Build.0 = Debug|Any CPU
		{AD517C44-0FF6-4780-B56C-186BC2BFC6A3}.Debug|x86.ActiveCfg = Debug|Any CPU
		{AD517C44-0FF6-4780-B56C-186BC2BFC6A3}.Debug|x86.Build.0 = Debug|Any CPU
		{AD517C44-0FF6-4780-B56C-186BC2BFC6A3}.Release|Any CPU.ActiveCfg = Release|Any CPU
		{AD517C44-0FF6-4780-B56C-186BC2BFC6A3}.Release|Any CPU.Build.0 = Release|Any CPU
		{AD517C44-0FF6-4780-B56C-186BC2BFC6A3}.Release|x64.ActiveCfg = Release|Any CPU
		{AD517C44-0FF6-4780-B56C-186BC2BFC6A3}.Release|x64.Build.0 = Release|Any CPU
		{AD517C44-0FF6-4780-B56C-186BC2BFC6A3}.Release|x86.ActiveCfg = Release|Any CPU
		{AD517C44-0FF6-4780-B56C-186BC2BFC6A3}.Release|x86.Build.0 = Release|Any CPU
		{32A2D91B-3577-4A60-96A0-4910FCFE9022}.Debug|Any CPU.ActiveCfg = Debug|Any CPU
		{32A2D91B-3577-4A60-96A0-4910FCFE9022}.Debug|Any CPU.Build.0 = Debug|Any CPU
		{32A2D91B-3577-4A60-96A0-4910FCFE9022}.Debug|x64.ActiveCfg = Debug|Any CPU
		{32A2D91B-3577-4A60-96A0-4910FCFE9022}.Debug|x64.Build.0 = Debug|Any CPU
		{32A2D91B-3577-4A60-96A0-4910FCFE9022}.Debug|x86.ActiveCfg = Debug|Any CPU
		{32A2D91B-3577-4A60-96A0-4910FCFE9022}.Debug|x86.Build.0 = Debug|Any CPU
		{32A2D91B-3577-4A60-96A0-4910FCFE9022}.Release|Any CPU.ActiveCfg = Release|Any CPU
		{32A2D91B-3577-4A60-96A0-4910FCFE9022}.Release|Any CPU.Build.0 = Release|Any CPU
		{32A2D91B-3577-4A60-96A0-4910FCFE9022}.Release|x64.ActiveCfg = Release|Any CPU
		{32A2D91B-3577-4A60-96A0-4910FCFE9022}.Release|x64.Build.0 = Release|Any CPU
		{32A2D91B-3577-4A60-96A0-4910FCFE9022}.Release|x86.ActiveCfg = Release|Any CPU
		{32A2D91B-3577-4A60-96A0-4910FCFE9022}.Release|x86.Build.0 = Release|Any CPU
		{84651F67-253C-4861-900C-AFB7E4D933BA}.Debug|Any CPU.ActiveCfg = Debug|Any CPU
		{84651F67-253C-4861-900C-AFB7E4D933BA}.Debug|Any CPU.Build.0 = Debug|Any CPU
		{84651F67-253C-4861-900C-AFB7E4D933BA}.Debug|x64.ActiveCfg = Debug|Any CPU
		{84651F67-253C-4861-900C-AFB7E4D933BA}.Debug|x64.Build.0 = Debug|Any CPU
		{84651F67-253C-4861-900C-AFB7E4D933BA}.Debug|x86.ActiveCfg = Debug|Any CPU
		{84651F67-253C-4861-900C-AFB7E4D933BA}.Debug|x86.Build.0 = Debug|Any CPU
		{84651F67-253C-4861-900C-AFB7E4D933BA}.Release|Any CPU.ActiveCfg = Release|Any CPU
		{84651F67-253C-4861-900C-AFB7E4D933BA}.Release|Any CPU.Build.0 = Release|Any CPU
		{84651F67-253C-4861-900C-AFB7E4D933BA}.Release|x64.ActiveCfg = Release|Any CPU
		{84651F67-253C-4861-900C-AFB7E4D933BA}.Release|x64.Build.0 = Release|Any CPU
		{84651F67-253C-4861-900C-AFB7E4D933BA}.Release|x86.ActiveCfg = Release|Any CPU
		{84651F67-253C-4861-900C-AFB7E4D933BA}.Release|x86.Build.0 = Release|Any CPU
	EndGlobalSection
	GlobalSection(SolutionProperties) = preSolution
		HideSolutionNode = FALSE
	EndGlobalSection
EndGlobal
